
Microsoft Visual Studio Solution File, Format Version 12.00
# Visual Studio 2013
VisualStudioVersion = 12.0.21005.1
MinimumVisualStudioVersion = 10.0.40219.1
Project("{2150E333-8FDC-42A3-9474-1A3956D46DE8}") = "Core", "Core", "{1C1EB684-A9BE-4669-AC51-AB293527DAA4}"
EndProject
Project("{2150E333-8FDC-42A3-9474-1A3956D46DE8}") = "UI", "UI", "{820C9CAB-B203-44EF-B255-EAAA505E35A1}"
EndProject
Project("{2150E333-8FDC-42A3-9474-1A3956D46DE8}") = "Common", "Common", "{10135B9C-E7DE-4795-AB60-3C13EA00C1E1}"
EndProject
Project("{FAE04EC0-301F-11D3-BF4B-00C04F79EFBC}") = "Shangpin.Logistic.IBLL", "Shangpin.Logistic.IBLL\Shangpin.Logistic.IBLL.csproj", "{4F124129-6224-44AA-83B5-FF9C467DDD63}"
EndProject
Project("{FAE04EC0-301F-11D3-BF4B-00C04F79EFBC}") = "Shangpin.Logistic.BLL", "Shangpin.Logistic.BLL\Shangpin.Logistic.BLL.csproj", "{BEBF77CB-D3CD-4BE5-BDE3-012EBA686990}"
EndProject
Project("{FAE04EC0-301F-11D3-BF4B-00C04F79EFBC}") = "Shangpin.Logistic.DAL", "Shangpin.Logistic.DAL\Shangpin.Logistic.DAL.csproj", "{56713BFB-9C44-4C4E-B6C4-0F50302A7DEF}"
EndProject
Project("{FAE04EC0-301F-11D3-BF4B-00C04F79EFBC}") = "Shangpin.Logistic.Model", "Shangpin.Logistic.Model\Shangpin.Logistic.Model.csproj", "{2BAC24FE-8DF9-4D34-9C84-C1B22D119A87}"
EndProject
Project("{FAE04EC0-301F-11D3-BF4B-00C04F79EFBC}") = "Shangpin.Logistic.Util", "Shangpin.Logistic.Util\Shangpin.Logistic.Util.csproj", "{DFBB5FDB-DEFB-4480-A1CA-A2736B5EBD71}"
EndProject
Project("{FAE04EC0-301F-11D3-BF4B-00C04F79EFBC}") = "Shangpin.Ado.Net", "Shangpin.Ado.Net\Shangpin.Ado.Net.csproj", "{EEC47340-4373-463B-8004-81B7251556CE}"
EndProject
Project("{FAE04EC0-301F-11D3-BF4B-00C04F79EFBC}") = "Shangpin.Logistic.BLLTests", "Shangpin.Logistic.BLLTests\Shangpin.Logistic.BLLTests.csproj", "{8E144794-2546-462B-8692-678E4B934C41}"
EndProject
Project("{2150E333-8FDC-42A3-9474-1A3956D46DE8}") = "Test", "Test", "{F64325BD-EC0F-49F0-9024-8C893C692E05}"
EndProject
Project("{FAE04EC0-301F-11D3-BF4B-00C04F79EFBC}") = "Shangpin.Logistic.WebUI", "Shangpin.Logistic.WebUI\Shangpin.Logistic.WebUI.csproj", "{FE6EC767-E0F0-4E1E-ADB3-A4A59DC90392}"
EndProject
Project("{FAE04EC0-301F-11D3-BF4B-00C04F79EFBC}") = "Shangpin.Logistic.WebUI.Tests", "Shangpin.Logistic.WebUI.Tests\Shangpin.Logistic.WebUI.Tests.csproj", "{2630CE62-501C-4AF6-9B52-1D3965604643}"
EndProject
Project("{FAE04EC0-301F-11D3-BF4B-00C04F79EFBC}") = "Shangpin.Logistic.Web.WebControls", "Shangpin.Logistic.Web.WebControls\Shangpin.Logistic.Web.WebControls.csproj", "{FBDD5178-5735-487A-9F3F-264E018C3D23}"
EndProject
Global
	GlobalSection(SolutionConfigurationPlatforms) = preSolution
		Debug|Any CPU = Debug|Any CPU
		Release|Any CPU = Release|Any CPU
	EndGlobalSection
	GlobalSection(ProjectConfigurationPlatforms) = postSolution
		{4F124129-6224-44AA-83B5-FF9C467DDD63}.Debug|Any CPU.ActiveCfg = Debug|Any CPU
		{4F124129-6224-44AA-83B5-FF9C467DDD63}.Debug|Any CPU.Build.0 = Debug|Any CPU
		{4F124129-6224-44AA-83B5-FF9C467DDD63}.Release|Any CPU.ActiveCfg = Release|Any CPU
		{4F124129-6224-44AA-83B5-FF9C467DDD63}.Release|Any CPU.Build.0 = Release|Any CPU
		{BEBF77CB-D3CD-4BE5-BDE3-012EBA686990}.Debug|Any CPU.ActiveCfg = Debug|Any CPU
		{BEBF77CB-D3CD-4BE5-BDE3-012EBA686990}.Debug|Any CPU.Build.0 = Debug|Any CPU
		{BEBF77CB-D3CD-4BE5-BDE3-012EBA686990}.Release|Any CPU.ActiveCfg = Release|Any CPU
		{BEBF77CB-D3CD-4BE5-BDE3-012EBA686990}.Release|Any CPU.Build.0 = Release|Any CPU
		{56713BFB-9C44-4C4E-B6C4-0F50302A7DEF}.Debug|Any CPU.ActiveCfg = Debug|Any CPU
		{56713BFB-9C44-4C4E-B6C4-0F50302A7DEF}.Debug|Any CPU.Build.0 = Debug|Any CPU
		{56713BFB-9C44-4C4E-B6C4-0F50302A7DEF}.Release|Any CPU.ActiveCfg = Release|Any CPU
		{56713BFB-9C44-4C4E-B6C4-0F50302A7DEF}.Release|Any CPU.Build.0 = Release|Any CPU
		{2BAC24FE-8DF9-4D34-9C84-C1B22D119A87}.Debug|Any CPU.ActiveCfg = Debug|Any CPU
		{2BAC24FE-8DF9-4D34-9C84-C1B22D119A87}.Debug|Any CPU.Build.0 = Debug|Any CPU
		{2BAC24FE-8DF9-4D34-9C84-C1B22D119A87}.Release|Any CPU.ActiveCfg = Release|Any CPU
		{2BAC24FE-8DF9-4D34-9C84-C1B22D119A87}.Release|Any CPU.Build.0 = Release|Any CPU
		{DFBB5FDB-DEFB-4480-A1CA-A2736B5EBD71}.Debug|Any CPU.ActiveCfg = Debug|Any CPU
		{DFBB5FDB-DEFB-4480-A1CA-A2736B5EBD71}.Debug|Any CPU.Build.0 = Debug|Any CPU
		{DFBB5FDB-DEFB-4480-A1CA-A2736B5EBD71}.Release|Any CPU.ActiveCfg = Release|Any CPU
		{DFBB5FDB-DEFB-4480-A1CA-A2736B5EBD71}.Release|Any CPU.Build.0 = Release|Any CPU
		{EEC47340-4373-463B-8004-81B7251556CE}.Debug|Any CPU.ActiveCfg = Debug|Any CPU
		{EEC47340-4373-463B-8004-81B7251556CE}.Debug|Any CPU.Build.0 = Debug|Any CPU
		{EEC47340-4373-463B-8004-81B7251556CE}.Release|Any CPU.ActiveCfg = Release|Any CPU
		{EEC47340-4373-463B-8004-81B7251556CE}.Release|Any CPU.Build.0 = Release|Any CPU
		{8E144794-2546-462B-8692-678E4B934C41}.Debug|Any CPU.ActiveCfg = Debug|Any CPU
		{8E144794-2546-462B-8692-678E4B934C41}.Debug|Any CPU.Build.0 = Debug|Any CPU
		{8E144794-2546-462B-8692-678E4B934C41}.Release|Any CPU.ActiveCfg = Release|Any CPU
		{8E144794-2546-462B-8692-678E4B934C41}.Release|Any CPU.Build.0 = Release|Any CPU
		{FE6EC767-E0F0-4E1E-ADB3-A4A59DC90392}.Debug|Any CPU.ActiveCfg = Debug|Any CPU
		{FE6EC767-E0F0-4E1E-ADB3-A4A59DC90392}.Debug|Any CPU.Build.0 = Debug|Any CPU
		{FE6EC767-E0F0-4E1E-ADB3-A4A59DC90392}.Release|Any CPU.ActiveCfg = Release|Any CPU
		{FE6EC767-E0F0-4E1E-ADB3-A4A59DC90392}.Release|Any CPU.Build.0 = Release|Any CPU
		{2630CE62-501C-4AF6-9B52-1D3965604643}.Debug|Any CPU.ActiveCfg = Debug|Any CPU
		{2630CE62-501C-4AF6-9B52-1D3965604643}.Debug|Any CPU.Build.0 = Debug|Any CPU
		{2630CE62-501C-4AF6-9B52-1D3965604643}.Release|Any CPU.ActiveCfg = Release|Any CPU
		{2630CE62-501C-4AF6-9B52-1D3965604643}.Release|Any CPU.Build.0 = Release|Any CPU
		{FBDD5178-5735-487A-9F3F-264E018C3D23}.Debug|Any CPU.ActiveCfg = Debug|Any CPU
		{FBDD5178-5735-487A-9F3F-264E018C3D23}.Debug|Any CPU.Build.0 = Debug|Any CPU
		{FBDD5178-5735-487A-9F3F-264E018C3D23}.Release|Any CPU.ActiveCfg = Release|Any CPU
		{FBDD5178-5735-487A-9F3F-264E018C3D23}.Release|Any CPU.Build.0 = Release|Any CPU
	EndGlobalSection
	GlobalSection(SolutionProperties) = preSolution
		HideSolutionNode = FALSE
	EndGlobalSection
	GlobalSection(NestedProjects) = preSolution
		{4F124129-6224-44AA-83B5-FF9C467DDD63} = {1C1EB684-A9BE-4669-AC51-AB293527DAA4}
		{BEBF77CB-D3CD-4BE5-BDE3-012EBA686990} = {1C1EB684-A9BE-4669-AC51-AB293527DAA4}
		{56713BFB-9C44-4C4E-B6C4-0F50302A7DEF} = {1C1EB684-A9BE-4669-AC51-AB293527DAA4}
		{2BAC24FE-8DF9-4D34-9C84-C1B22D119A87} = {1C1EB684-A9BE-4669-AC51-AB293527DAA4}
		{FE6EC767-E0F0-4E1E-ADB3-A4A59DC90392} = {820C9CAB-B203-44EF-B255-EAAA505E35A1}
		{DFBB5FDB-DEFB-4480-A1CA-A2736B5EBD71} = {10135B9C-E7DE-4795-AB60-3C13EA00C1E1}
		{EEC47340-4373-463B-8004-81B7251556CE} = {10135B9C-E7DE-4795-AB60-3C13EA00C1E1}
		{FBDD5178-5735-487A-9F3F-264E018C3D23} = {10135B9C-E7DE-4795-AB60-3C13EA00C1E1}
		{8E144794-2546-462B-8692-678E4B934C41} = {F64325BD-EC0F-49F0-9024-8C893C692E05}
		{2630CE62-501C-4AF6-9B52-1D3965604643} = {F64325BD-EC0F-49F0-9024-8C893C692E05}
	EndGlobalSection
EndGlobal
